
Microsoft Visual Studio Solution File, Format Version 12.00
# Visual Studio Version 17
VisualStudioVersion = 17.4.33213.308
MinimumVisualStudioVersion = 10.0.40219.1
Project("{FAE04EC0-301F-11D3-BF4B-00C04F79EFBC}") = "GameBall", "GameBall.csproj", "{AE5B2A60-6522-469D-831C-34CE5D1A40B5}"
EndProject
Global
	GlobalSection(SolutionConfigurationPlatforms) = preSolution
		Debug|Any CPU = Debug|Any CPU
		Release|Any CPU = Release|Any CPU
	EndGlobalSection
	GlobalSection(ProjectConfigurationPlatforms) = postSolution
		{AE5B2A60-6522-469D-831C-34CE5D1A40B5}.Debug|Any CPU.ActiveCfg = Debug|Any CPU
		{AE5B2A60-6522-469D-831C-34CE5D1A40B5}.Debug|Any CPU.Build.0 = Debug|Any CPU
		{AE5B2A60-6522-469D-831C-34CE5D1A40B5}.Release|Any CPU.ActiveCfg = Release|Any CPU
		{AE5B2A60-6522-469D-831C-34CE5D1A40B5}.Release|Any CPU.Build.0 = Release|Any CPU
	EndGlobalSection
	GlobalSection(SolutionProperties) = preSolution
		HideSolutionNode = FALSE
	EndGlobalSection
	GlobalSection(ExtensibilityGlobals) = postSolution
		SolutionGuid = {41B71F69-6923-45D4-8368-F752103D2D60}
	EndGlobalSection
EndGlobal
